<?xml version="1.0" encoding="utf-8"?>
<Project ToolsVersion="4.0" xmlns="http://schemas.microsoft.com/developer/msbuild/2003">
  <ItemGroup>
    <Filter Include="Source Files">
      <UniqueIdentifier>{4FC737F1-C7A5-4376-A066-2A32D752A2FF}</UniqueIdentifier>
      <Extensions>cpp;c;cc;cxx;def;odl;idl;hpj;bat;asm;asmx</Extensions>
    </Filter>
    <Filter Include="Header Files">
      <UniqueIdentifier>{93995380-89BD-4b04-88EB-625FBE52EBFB}</UniqueIdentifier>
      <Extensions>h;hh;hpp;hxx;hm;inl;inc;xsd</Extensions>
    </Filter>
    <Filter Include="Resource Files">
      <UniqueIdentifier>{67DA6AB6-F800-4c08-8B7A-83BB121AAD01}</UniqueIdentifier>
      <Extensions>rc;ico;cur;bmp;dlg;rc2;rct;bin;rgs;gif;jpg;jpeg;jpe;resx;tiff;tif;png;wav;mfcribbon-ms</Extensions>
    </Filter>
    <Filter Include="Source Files\framework">
      <UniqueIdentifier>{deed4021-9019-4ad1-97c4-c44bada73547}</UniqueIdentifier>
    </Filter>
    <Filter Include="Source Files\client">
      <UniqueIdentifier>{5c843160-5a3a-4841-b64f-a1be3d5c2df6}</UniqueIdentifier>
    </Filter>
    <Filter Include="Header Files\client">
      <UniqueIdentifier>{9c343067-7e4c-497d-9423-f580732fd03c}</UniqueIdentifier>
    </Filter>
    <Filter Include="Header Files\framework">
      <UniqueIdentifier>{be8876e0-a2cf-45f5-ac85-f822d0c85be4}</UniqueIdentifier>
    </Filter>
    <Filter Include="Source Files\framework\core">
      <UniqueIdentifier>{60155256-af95-4f4e-b96f-6c3b464a0af4}</UniqueIdentifier>
    </Filter>
    <Filter Include="Source Files\framework\graphics">
      <UniqueIdentifier>{18bfca39-a00b-49f3-b749-94db8eee6b2f}</UniqueIdentifier>
    </Filter>
    <Filter Include="Source Files\framework\graphics\ogl">
      <UniqueIdentifier>{2de19ef3-85cf-4081-b79d-82800bdb057b}</UniqueIdentifier>
    </Filter>
    <Filter Include="Source Files\framework\input">
      <UniqueIdentifier>{1f73f301-1d35-408a-b566-0d52b6820292}</UniqueIdentifier>
    </Filter>
    <Filter Include="Source Files\framework\luaengine">
      <UniqueIdentifier>{8b0e61e9-ff3c-4aeb-ae21-a2c4fc01f3ee}</UniqueIdentifier>
    </Filter>
    <Filter Include="Source Files\framework\net">
      <UniqueIdentifier>{4e189bf2-9f98-4bcc-a0d1-c05b92ff72e9}</UniqueIdentifier>
    </Filter>
    <Filter Include="Source Files\framework\otml">
      <UniqueIdentifier>{5eb3cbb9-25ea-46dd-b849-deacc39f7859}</UniqueIdentifier>
    </Filter>
    <Filter Include="Source Files\framework\platform">
      <UniqueIdentifier>{e829c892-b1f1-4c9a-9bcb-e891daed8b33}</UniqueIdentifier>
    </Filter>
    <Filter Include="Source Files\framework\sound">
      <UniqueIdentifier>{8e08379a-c5cd-4d00-8a70-a11968e9bf8e}</UniqueIdentifier>
    </Filter>
    <Filter Include="Source Files\framework\stdext">
      <UniqueIdentifier>{268f4929-8e27-4e1c-94c5-ed3a5507aa52}</UniqueIdentifier>
    </Filter>
    <Filter Include="Source Files\framework\ui">
      <UniqueIdentifier>{eeaed1e5-b9d0-4db1-abc8-267c3991f774}</UniqueIdentifier>
    </Filter>
    <Filter Include="Source Files\framework\util">
      <UniqueIdentifier>{72db416b-9ce3-4263-a2c2-8a0c2b70d560}</UniqueIdentifier>
    </Filter>
    <Filter Include="Source Files\framework\xml">
      <UniqueIdentifier>{54796849-74ed-4598-9e80-fcbceb7d5f2d}</UniqueIdentifier>
    </Filter>
    <Filter Include="Header Files\framework\core">
      <UniqueIdentifier>{795a6eac-124a-40b3-9b1e-239b14c4356e}</UniqueIdentifier>
    </Filter>
    <Filter Include="Header Files\framework\graphics">
      <UniqueIdentifier>{416d2b33-2905-4471-bec8-a5b010ad4a1e}</UniqueIdentifier>
    </Filter>
    <Filter Include="Header Files\framework\input">
      <UniqueIdentifier>{3cd04fb2-150d-4190-ad16-913c253e358d}</UniqueIdentifier>
    </Filter>
    <Filter Include="Header Files\framework\luaengine">
      <UniqueIdentifier>{3e15c044-4e6f-4242-84df-cd48a63c0796}</UniqueIdentifier>
    </Filter>
    <Filter Include="Header Files\framework\net">
      <UniqueIdentifier>{4223b0e8-d3ca-4d2f-8e8f-b6031d23f154}</UniqueIdentifier>
    </Filter>
    <Filter Include="Header Files\framework\xml">
      <UniqueIdentifier>{bf591049-3ef9-426e-8e03-9d6a84875801}</UniqueIdentifier>
    </Filter>
    <Filter Include="Header Files\framework\util">
      <UniqueIdentifier>{a40c2fa6-72ad-4e88-b01e-dd584f0faf8e}</UniqueIdentifier>
    </Filter>
    <Filter Include="Header Files\framework\ui">
      <UniqueIdentifier>{c4def459-c944-42a7-9b9e-726aa93d465b}</UniqueIdentifier>
    </Filter>
    <Filter Include="Header Files\framework\stdext">
      <UniqueIdentifier>{4120018d-b392-4e0f-b40f-dbc369cffa88}</UniqueIdentifier>
    </Filter>
    <Filter Include="Header Files\framework\sound">
      <UniqueIdentifier>{53753fca-bd19-4f50-9eec-792b255af37b}</UniqueIdentifier>
    </Filter>
    <Filter Include="Header Files\framework\platform">
      <UniqueIdentifier>{a2aecb33-5ff7-48e7-a4b2-3e9a03e726ba}</UniqueIdentifier>
    </Filter>
    <Filter Include="Header Files\framework\otml">
      <UniqueIdentifier>{6e8f2aa5-569b-4c44-87b2-d9ff1bf2b350}</UniqueIdentifier>
    </Filter>
    <Filter Include="Header Files\framework\graphics\ogl">
      <UniqueIdentifier>{8b96ee09-99f1-4c70-90c1-d99505de6264}</UniqueIdentifier>
    </Filter>
  </ItemGroup>
  <ItemGroup>
    <ClCompile Include="..\src\framework\luafunctions.cpp">
      <Filter>Source Files\framework</Filter>
    </ClCompile>
    <ClCompile Include="..\src\framework\core\adaptativeframecounter.cpp">
      <Filter>Source Files\framework\core</Filter>
    </ClCompile>
    <ClCompile Include="..\src\framework\core\application.cpp">
      <Filter>Source Files\framework\core</Filter>
    </ClCompile>
    <ClCompile Include="..\src\framework\core\asyncdispatcher.cpp">
      <Filter>Source Files\framework\core</Filter>
    </ClCompile>
    <ClCompile Include="..\src\framework\core\binarytree.cpp">
      <Filter>Source Files\framework\core</Filter>
    </ClCompile>
    <ClCompile Include="..\src\framework\core\clock.cpp">
      <Filter>Source Files\framework\core</Filter>
    </ClCompile>
    <ClCompile Include="..\src\framework\core\configmanager.cpp">
      <Filter>Source Files\framework\core</Filter>
    </ClCompile>
    <ClCompile Include="..\src\framework\core\event.cpp">
      <Filter>Source Files\framework\core</Filter>
    </ClCompile>
    <ClCompile Include="..\src\framework\core\eventdispatcher.cpp">
      <Filter>Source Files\framework\core</Filter>
    </ClCompile>
    <ClCompile Include="..\src\framework\core\filestream.cpp">
      <Filter>Source Files\framework\core</Filter>
    </ClCompile>
    <ClCompile Include="..\src\framework\core\graphicalapplication.cpp">
      <Filter>Source Files\framework\core</Filter>
    </ClCompile>
    <ClCompile Include="..\src\framework\core\logger.cpp">
      <Filter>Source Files\framework\core</Filter>
    </ClCompile>
    <ClCompile Include="..\src\framework\core\module.cpp">
      <Filter>Source Files\framework\core</Filter>
    </ClCompile>
    <ClCompile Include="..\src\framework\core\modulemanager.cpp">
      <Filter>Source Files\framework\core</Filter>
    </ClCompile>
    <ClCompile Include="..\src\framework\core\resourcemanager.cpp">
      <Filter>Source Files\framework\core</Filter>
    </ClCompile>
    <ClCompile Include="..\src\framework\core\scheduledevent.cpp">
      <Filter>Source Files\framework\core</Filter>
    </ClCompile>
    <ClCompile Include="..\src\framework\core\timer.cpp">
      <Filter>Source Files\framework\core</Filter>
    </ClCompile>
    <ClCompile Include="..\src\framework\graphics\animatedtexture.cpp">
      <Filter>Source Files\framework\graphics</Filter>
    </ClCompile>
    <ClCompile Include="..\src\framework\graphics\apngloader.cpp">
      <Filter>Source Files\framework\graphics</Filter>
    </ClCompile>
    <ClCompile Include="..\src\framework\graphics\bitmapfont.cpp">
      <Filter>Source Files\framework\graphics</Filter>
    </ClCompile>
    <ClCompile Include="..\src\framework\graphics\cachedtext.cpp">
      <Filter>Source Files\framework\graphics</Filter>
    </ClCompile>
    <ClCompile Include="..\src\framework\graphics\coordsbuffer.cpp">
      <Filter>Source Files\framework\graphics</Filter>
    </ClCompile>
    <ClCompile Include="..\src\framework\graphics\fontmanager.cpp">
      <Filter>Source Files\framework\graphics</Filter>
    </ClCompile>
    <ClCompile Include="..\src\framework\graphics\framebuffer.cpp">
      <Filter>Source Files\framework\graphics</Filter>
    </ClCompile>
    <ClCompile Include="..\src\framework\graphics\framebuffermanager.cpp">
      <Filter>Source Files\framework\graphics</Filter>
    </ClCompile>
    <ClCompile Include="..\src\framework\graphics\graphics.cpp">
      <Filter>Source Files\framework\graphics</Filter>
    </ClCompile>
    <ClCompile Include="..\src\framework\graphics\hardwarebuffer.cpp">
      <Filter>Source Files\framework\graphics</Filter>
    </ClCompile>
    <ClCompile Include="..\src\framework\graphics\image.cpp">
      <Filter>Source Files\framework\graphics</Filter>
    </ClCompile>
    <ClCompile Include="..\src\framework\graphics\painter.cpp">
      <Filter>Source Files\framework\graphics</Filter>
    </ClCompile>
    <ClCompile Include="..\src\framework\graphics\paintershaderprogram.cpp">
      <Filter>Source Files\framework\graphics</Filter>
    </ClCompile>
    <ClCompile Include="..\src\framework\graphics\particle.cpp">
      <Filter>Source Files\framework\graphics</Filter>
    </ClCompile>
    <ClCompile Include="..\src\framework\graphics\particleaffector.cpp">
      <Filter>Source Files\framework\graphics</Filter>
    </ClCompile>
    <ClCompile Include="..\src\framework\graphics\particleeffect.cpp">
      <Filter>Source Files\framework\graphics</Filter>
    </ClCompile>
    <ClCompile Include="..\src\framework\graphics\particleemitter.cpp">
      <Filter>Source Files\framework\graphics</Filter>
    </ClCompile>
    <ClCompile Include="..\src\framework\graphics\particlemanager.cpp">
      <Filter>Source Files\framework\graphics</Filter>
    </ClCompile>
    <ClCompile Include="..\src\framework\graphics\particlesystem.cpp">
      <Filter>Source Files\framework\graphics</Filter>
    </ClCompile>
    <ClCompile Include="..\src\framework\graphics\particletype.cpp">
      <Filter>Source Files\framework\graphics</Filter>
    </ClCompile>
    <ClCompile Include="..\src\framework\graphics\shader.cpp">
      <Filter>Source Files\framework\graphics</Filter>
    </ClCompile>
    <ClCompile Include="..\src\framework\graphics\shaderprogram.cpp">
      <Filter>Source Files\framework\graphics</Filter>
    </ClCompile>
    <ClCompile Include="..\src\framework\graphics\texture.cpp">
      <Filter>Source Files\framework\graphics</Filter>
    </ClCompile>
    <ClCompile Include="..\src\framework\graphics\texturemanager.cpp">
      <Filter>Source Files\framework\graphics</Filter>
    </ClCompile>
    <ClCompile Include="..\src\framework\graphics\ogl\painterogl.cpp">
      <Filter>Source Files\framework\graphics\ogl</Filter>
    </ClCompile>
    <ClCompile Include="..\src\framework\graphics\ogl\painterogl1.cpp">
      <Filter>Source Files\framework\graphics\ogl</Filter>
    </ClCompile>
    <ClCompile Include="..\src\framework\graphics\ogl\painterogl2.cpp">
      <Filter>Source Files\framework\graphics\ogl</Filter>
    </ClCompile>
    <ClCompile Include="..\src\framework\input\mouse.cpp">
      <Filter>Source Files\framework\input</Filter>
    </ClCompile>
    <ClCompile Include="..\src\framework\luaengine\lbitlib.cpp">
      <Filter>Source Files\framework\luaengine</Filter>
    </ClCompile>
    <ClCompile Include="..\src\framework\luaengine\luaexception.cpp">
      <Filter>Source Files\framework\luaengine</Filter>
    </ClCompile>
    <ClCompile Include="..\src\framework\luaengine\luainterface.cpp">
      <Filter>Source Files\framework\luaengine</Filter>
    </ClCompile>
    <ClCompile Include="..\src\framework\luaengine\luaobject.cpp">
      <Filter>Source Files\framework\luaengine</Filter>
    </ClCompile>
    <ClCompile Include="..\src\framework\luaengine\luavaluecasts.cpp">
      <Filter>Source Files\framework\luaengine</Filter>
    </ClCompile>
    <ClCompile Include="..\src\framework\net\connection.cpp">
      <Filter>Source Files\framework\net</Filter>
    </ClCompile>
    <ClCompile Include="..\src\framework\net\inputmessage.cpp">
      <Filter>Source Files\framework\net</Filter>
    </ClCompile>
    <ClCompile Include="..\src\framework\net\outputmessage.cpp">
      <Filter>Source Files\framework\net</Filter>
    </ClCompile>
    <ClCompile Include="..\src\framework\net\protocol.cpp">
      <Filter>Source Files\framework\net</Filter>
    </ClCompile>
    <ClCompile Include="..\src\framework\net\protocolhttp.cpp">
      <Filter>Source Files\framework\net</Filter>
    </ClCompile>
    <ClCompile Include="..\src\framework\net\server.cpp">
      <Filter>Source Files\framework\net</Filter>
    </ClCompile>
    <ClCompile Include="..\src\framework\otml\otmldocument.cpp">
      <Filter>Source Files\framework\otml</Filter>
    </ClCompile>
    <ClCompile Include="..\src\framework\otml\otmlemitter.cpp">
      <Filter>Source Files\framework\otml</Filter>
    </ClCompile>
    <ClCompile Include="..\src\framework\otml\otmlexception.cpp">
      <Filter>Source Files\framework\otml</Filter>
    </ClCompile>
    <ClCompile Include="..\src\framework\otml\otmlnode.cpp">
      <Filter>Source Files\framework\otml</Filter>
    </ClCompile>
    <ClCompile Include="..\src\framework\otml\otmlparser.cpp">
      <Filter>Source Files\framework\otml</Filter>
    </ClCompile>
    <ClCompile Include="..\src\framework\platform\platform.cpp">
      <Filter>Source Files\framework\platform</Filter>
    </ClCompile>
    <ClCompile Include="..\src\framework\platform\platformwindow.cpp">
      <Filter>Source Files\framework\platform</Filter>
    </ClCompile>
    <ClCompile Include="..\src\framework\platform\win32crashhandler.cpp">
      <Filter>Source Files\framework\platform</Filter>
    </ClCompile>
    <ClCompile Include="..\src\framework\platform\win32platform.cpp">
      <Filter>Source Files\framework\platform</Filter>
    </ClCompile>
    <ClCompile Include="..\src\framework\platform\win32window.cpp">
      <Filter>Source Files\framework\platform</Filter>
    </ClCompile>
    <ClCompile Include="..\src\framework\sound\combinedsoundsource.cpp">
      <Filter>Source Files\framework\sound</Filter>
    </ClCompile>
    <ClCompile Include="..\src\framework\sound\oggsoundfile.cpp">
      <Filter>Source Files\framework\sound</Filter>
    </ClCompile>
    <ClCompile Include="..\src\framework\sound\soundbuffer.cpp">
      <Filter>Source Files\framework\sound</Filter>
    </ClCompile>
    <ClCompile Include="..\src\framework\sound\soundchannel.cpp">
      <Filter>Source Files\framework\sound</Filter>
    </ClCompile>
    <ClCompile Include="..\src\framework\sound\soundfile.cpp">
      <Filter>Source Files\framework\sound</Filter>
    </ClCompile>
    <ClCompile Include="..\src\framework\sound\soundmanager.cpp">
      <Filter>Source Files\framework\sound</Filter>
    </ClCompile>
    <ClCompile Include="..\src\framework\sound\soundsource.cpp">
      <Filter>Source Files\framework\sound</Filter>
    </ClCompile>
    <ClCompile Include="..\src\framework\sound\streamsoundsource.cpp">
      <Filter>Source Files\framework\sound</Filter>
    </ClCompile>
    <ClCompile Include="..\src\framework\stdext\demangle.cpp">
      <Filter>Source Files\framework\stdext</Filter>
    </ClCompile>
    <ClCompile Include="..\src\framework\stdext\math.cpp">
      <Filter>Source Files\framework\stdext</Filter>
    </ClCompile>
    <ClCompile Include="..\src\framework\stdext\net.cpp">
      <Filter>Source Files\framework\stdext</Filter>
    </ClCompile>
    <ClCompile Include="..\src\framework\stdext\string.cpp">
      <Filter>Source Files\framework\stdext</Filter>
    </ClCompile>
    <ClCompile Include="..\src\framework\stdext\time.cpp">
      <Filter>Source Files\framework\stdext</Filter>
    </ClCompile>
    <ClCompile Include="..\src\framework\ui\uianchorlayout.cpp">
      <Filter>Source Files\framework\ui</Filter>
    </ClCompile>
    <ClCompile Include="..\src\framework\ui\uiboxlayout.cpp">
      <Filter>Source Files\framework\ui</Filter>
    </ClCompile>
    <ClCompile Include="..\src\framework\ui\uigridlayout.cpp">
      <Filter>Source Files\framework\ui</Filter>
    </ClCompile>
    <ClCompile Include="..\src\framework\ui\uihorizontallayout.cpp">
      <Filter>Source Files\framework\ui</Filter>
    </ClCompile>
    <ClCompile Include="..\src\framework\ui\uilayout.cpp">
      <Filter>Source Files\framework\ui</Filter>
    </ClCompile>
    <ClCompile Include="..\src\framework\ui\uimanager.cpp">
      <Filter>Source Files\framework\ui</Filter>
    </ClCompile>
    <ClCompile Include="..\src\framework\ui\uiparticles.cpp">
      <Filter>Source Files\framework\ui</Filter>
    </ClCompile>
    <ClCompile Include="..\src\framework\ui\uitextedit.cpp">
      <Filter>Source Files\framework\ui</Filter>
    </ClCompile>
    <ClCompile Include="..\src\framework\ui\uitranslator.cpp">
      <Filter>Source Files\framework\ui</Filter>
    </ClCompile>
    <ClCompile Include="..\src\framework\ui\uiverticallayout.cpp">
      <Filter>Source Files\framework\ui</Filter>
    </ClCompile>
    <ClCompile Include="..\src\framework\ui\uiwidget.cpp">
      <Filter>Source Files\framework\ui</Filter>
    </ClCompile>
    <ClCompile Include="..\src\framework\ui\uiwidgetbasestyle.cpp">
      <Filter>Source Files\framework\ui</Filter>
    </ClCompile>
    <ClCompile Include="..\src\framework\ui\uiwidgetimage.cpp">
      <Filter>Source Files\framework\ui</Filter>
    </ClCompile>
    <ClCompile Include="..\src\framework\ui\uiwidgettext.cpp">
      <Filter>Source Files\framework\ui</Filter>
    </ClCompile>
    <ClCompile Include="..\src\framework\util\color.cpp">
      <Filter>Source Files\framework\util</Filter>
    </ClCompile>
    <ClCompile Include="..\src\framework\util\crypt.cpp">
      <Filter>Source Files\framework\util</Filter>
    </ClCompile>
    <ClCompile Include="..\src\framework\xml\tinystr.cpp">
      <Filter>Source Files\framework\xml</Filter>
    </ClCompile>
    <ClCompile Include="..\src\framework\xml\tinyxml.cpp">
      <Filter>Source Files\framework\xml</Filter>
    </ClCompile>
    <ClCompile Include="..\src\framework\xml\tinyxmlerror.cpp">
      <Filter>Source Files\framework\xml</Filter>
    </ClCompile>
    <ClCompile Include="..\src\framework\xml\tinyxmlparser.cpp">
      <Filter>Source Files\framework\xml</Filter>
    </ClCompile>
    <ClCompile Include="..\src\client\animatedtext.cpp">
      <Filter>Source Files\client</Filter>
    </ClCompile>
    <ClCompile Include="..\src\client\client.cpp">
      <Filter>Source Files\client</Filter>
    </ClCompile>
    <ClCompile Include="..\src\client\container.cpp">
      <Filter>Source Files\client</Filter>
    </ClCompile>
    <ClCompile Include="..\src\client\creature.cpp">
      <Filter>Source Files\client</Filter>
    </ClCompile>
    <ClCompile Include="..\src\client\creatures.cpp">
      <Filter>Source Files\client</Filter>
    </ClCompile>
    <ClCompile Include="..\src\client\effect.cpp">
      <Filter>Source Files\client</Filter>
    </ClCompile>
    <ClCompile Include="..\src\client\game.cpp">
      <Filter>Source Files\client</Filter>
    </ClCompile>
    <ClCompile Include="..\src\client\houses.cpp">
      <Filter>Source Files\client</Filter>
    </ClCompile>
    <ClCompile Include="..\src\client\item.cpp">
      <Filter>Source Files\client</Filter>
    </ClCompile>
    <ClCompile Include="..\src\client\itemtype.cpp">
      <Filter>Source Files\client</Filter>
    </ClCompile>
    <ClCompile Include="..\src\client\lightview.cpp">
      <Filter>Source Files\client</Filter>
    </ClCompile>
    <ClCompile Include="..\src\client\localplayer.cpp">
      <Filter>Source Files\client</Filter>
    </ClCompile>
    <ClCompile Include="..\src\client\luafunctions.cpp">
      <Filter>Source Files\client</Filter>
    </ClCompile>
    <ClCompile Include="..\src\client\luavaluecasts.cpp">
      <Filter>Source Files\client</Filter>
    </ClCompile>
    <ClCompile Include="..\src\client\map.cpp">
      <Filter>Source Files\client</Filter>
    </ClCompile>
    <ClCompile Include="..\src\client\mapio.cpp">
      <Filter>Source Files\client</Filter>
    </ClCompile>
    <ClCompile Include="..\src\client\mapview.cpp">
      <Filter>Source Files\client</Filter>
    </ClCompile>
    <ClCompile Include="..\src\client\minimap.cpp">
      <Filter>Source Files\client</Filter>
    </ClCompile>
    <ClCompile Include="..\src\client\missile.cpp">
      <Filter>Source Files\client</Filter>
    </ClCompile>
    <ClCompile Include="..\src\client\outfit.cpp">
      <Filter>Source Files\client</Filter>
    </ClCompile>
    <ClCompile Include="..\src\client\player.cpp">
      <Filter>Source Files\client</Filter>
    </ClCompile>
    <ClCompile Include="..\src\client\protocolcodes.cpp">
      <Filter>Source Files\client</Filter>
    </ClCompile>
    <ClCompile Include="..\src\client\protocolgame.cpp">
      <Filter>Source Files\client</Filter>
    </ClCompile>
    <ClCompile Include="..\src\client\protocolgameparse.cpp">
      <Filter>Source Files\client</Filter>
    </ClCompile>
    <ClCompile Include="..\src\client\protocolgamesend.cpp">
      <Filter>Source Files\client</Filter>
    </ClCompile>
    <ClCompile Include="..\src\client\shadermanager.cpp">
      <Filter>Source Files\client</Filter>
    </ClCompile>
    <ClCompile Include="..\src\client\spritemanager.cpp">
      <Filter>Source Files\client</Filter>
    </ClCompile>
    <ClCompile Include="..\src\client\statictext.cpp">
      <Filter>Source Files\client</Filter>
    </ClCompile>
    <ClCompile Include="..\src\client\thing.cpp">
      <Filter>Source Files\client</Filter>
    </ClCompile>
    <ClCompile Include="..\src\client\thingtype.cpp">
      <Filter>Source Files\client</Filter>
    </ClCompile>
    <ClCompile Include="..\src\client\thingtypemanager.cpp">
      <Filter>Source Files\client</Filter>
    </ClCompile>
    <ClCompile Include="..\src\client\tile.cpp">
      <Filter>Source Files\client</Filter>
    </ClCompile>
    <ClCompile Include="..\src\client\towns.cpp">
      <Filter>Source Files\client</Filter>
    </ClCompile>
    <ClCompile Include="..\src\client\uicreature.cpp">
      <Filter>Source Files\client</Filter>
    </ClCompile>
    <ClCompile Include="..\src\client\uiitem.cpp">
      <Filter>Source Files\client</Filter>
    </ClCompile>
    <ClCompile Include="..\src\client\uimap.cpp">
      <Filter>Source Files\client</Filter>
    </ClCompile>
    <ClCompile Include="..\src\client\uimapanchorlayout.cpp">
      <Filter>Source Files\client</Filter>
    </ClCompile>
    <ClCompile Include="..\src\client\uiminimap.cpp">
      <Filter>Source Files\client</Filter>
    </ClCompile>
    <ClCompile Include="..\src\client\uiprogressrect.cpp">
      <Filter>Source Files\client</Filter>
    </ClCompile>
    <ClCompile Include="..\src\client\uisprite.cpp">
      <Filter>Source Files\client</Filter>
    </ClCompile>
    <ClCompile Include="..\src\main.cpp">
      <Filter>Source Files</Filter>
    </ClCompile>
    <ClCompile Include="..\src\framework\core\config.cpp">
      <Filter>Source Files\framework\core</Filter>
    </ClCompile>
    <ClCompile Include="..\src\client\animator.cpp">
      <Filter>Source Files\client</Filter>
    </ClCompile>
  </ItemGroup>
  <ItemGroup>
    <ClInclude Include="..\src\framework\const.h">
      <Filter>Header Files\framework</Filter>
    </ClInclude>
    <ClInclude Include="..\src\framework\global.h">
      <Filter>Header Files\framework</Filter>
    </ClInclude>
    <ClInclude Include="..\src\framework\pch.h">
      <Filter>Header Files\framework</Filter>
    </ClInclude>
    <ClInclude Include="..\src\framework\core\adaptativeframecounter.h">
      <Filter>Header Files\framework\core</Filter>
    </ClInclude>
    <ClInclude Include="..\src\framework\core\application.h">
      <Filter>Header Files\framework\core</Filter>
    </ClInclude>
    <ClInclude Include="..\src\framework\core\asyncdispatcher.h">
      <Filter>Header Files\framework\core</Filter>
    </ClInclude>
    <ClInclude Include="..\src\framework\core\binarytree.h">
      <Filter>Header Files\framework\core</Filter>
    </ClInclude>
    <ClInclude Include="..\src\framework\core\clock.h">
      <Filter>Header Files\framework\core</Filter>
    </ClInclude>
    <ClInclude Include="..\src\framework\core\configmanager.h">
      <Filter>Header Files\framework\core</Filter>
    </ClInclude>
    <ClInclude Include="..\src\framework\core\declarations.h">
      <Filter>Header Files\framework\core</Filter>
    </ClInclude>
    <ClInclude Include="..\src\framework\core\event.h">
      <Filter>Header Files\framework\core</Filter>
    </ClInclude>
    <ClInclude Include="..\src\framework\core\eventdispatcher.h">
      <Filter>Header Files\framework\core</Filter>
    </ClInclude>
    <ClInclude Include="..\src\framework\core\filestream.h">
      <Filter>Header Files\framework\core</Filter>
    </ClInclude>
    <ClInclude Include="..\src\framework\core\graphicalapplication.h">
      <Filter>Header Files\framework\core</Filter>
    </ClInclude>
    <ClInclude Include="..\src\framework\core\inputevent.h">
      <Filter>Header Files\framework\core</Filter>
    </ClInclude>
    <ClInclude Include="..\src\framework\core\logger.h">
      <Filter>Header Files\framework\core</Filter>
    </ClInclude>
    <ClInclude Include="..\src\framework\core\module.h">
      <Filter>Header Files\framework\core</Filter>
    </ClInclude>
    <ClInclude Include="..\src\framework\core\modulemanager.h">
      <Filter>Header Files\framework\core</Filter>
    </ClInclude>
    <ClInclude Include="..\src\framework\core\resourcemanager.h">
      <Filter>Header Files\framework\core</Filter>
    </ClInclude>
    <ClInclude Include="..\src\framework\core\scheduledevent.h">
      <Filter>Header Files\framework\core</Filter>
    </ClInclude>
    <ClInclude Include="..\src\framework\core\timer.h">
      <Filter>Header Files\framework\core</Filter>
    </ClInclude>
    <ClInclude Include="..\src\framework\graphics\animatedtexture.h">
      <Filter>Header Files\framework\graphics</Filter>
    </ClInclude>
    <ClInclude Include="..\src\framework\graphics\apngloader.h">
      <Filter>Header Files\framework\graphics</Filter>
    </ClInclude>
    <ClInclude Include="..\src\framework\graphics\bitmapfont.h">
      <Filter>Header Files\framework\graphics</Filter>
    </ClInclude>
    <ClInclude Include="..\src\framework\graphics\cachedtext.h">
      <Filter>Header Files\framework\graphics</Filter>
    </ClInclude>
    <ClInclude Include="..\src\framework\graphics\coordsbuffer.h">
      <Filter>Header Files\framework\graphics</Filter>
    </ClInclude>
    <ClInclude Include="..\src\framework\graphics\declarations.h">
      <Filter>Header Files\framework\graphics</Filter>
    </ClInclude>
    <ClInclude Include="..\src\framework\graphics\fontmanager.h">
      <Filter>Header Files\framework\graphics</Filter>
    </ClInclude>
    <ClInclude Include="..\src\framework\graphics\framebuffer.h">
      <Filter>Header Files\framework\graphics</Filter>
    </ClInclude>
    <ClInclude Include="..\src\framework\graphics\framebuffermanager.h">
      <Filter>Header Files\framework\graphics</Filter>
    </ClInclude>
    <ClInclude Include="..\src\framework\graphics\glutil.h">
      <Filter>Header Files\framework\graphics</Filter>
    </ClInclude>
    <ClInclude Include="..\src\framework\graphics\graphics.h">
      <Filter>Header Files\framework\graphics</Filter>
    </ClInclude>
    <ClInclude Include="..\src\framework\graphics\hardwarebuffer.h">
      <Filter>Header Files\framework\graphics</Filter>
    </ClInclude>
    <ClInclude Include="..\src\framework\graphics\image.h">
      <Filter>Header Files\framework\graphics</Filter>
    </ClInclude>
    <ClInclude Include="..\src\framework\graphics\painter.h">
      <Filter>Header Files\framework\graphics</Filter>
    </ClInclude>
    <ClInclude Include="..\src\framework\graphics\paintershaderprogram.h">
      <Filter>Header Files\framework\graphics</Filter>
    </ClInclude>
    <ClInclude Include="..\src\framework\graphics\particle.h">
      <Filter>Header Files\framework\graphics</Filter>
    </ClInclude>
    <ClInclude Include="..\src\framework\graphics\particleaffector.h">
      <Filter>Header Files\framework\graphics</Filter>
    </ClInclude>
    <ClInclude Include="..\src\framework\graphics\particleeffect.h">
      <Filter>Header Files\framework\graphics</Filter>
    </ClInclude>
    <ClInclude Include="..\src\framework\graphics\particleemitter.h">
      <Filter>Header Files\framework\graphics</Filter>
    </ClInclude>
    <ClInclude Include="..\src\framework\graphics\particlemanager.h">
      <Filter>Header Files\framework\graphics</Filter>
    </ClInclude>
    <ClInclude Include="..\src\framework\graphics\particlesystem.h">
      <Filter>Header Files\framework\graphics</Filter>
    </ClInclude>
    <ClInclude Include="..\src\framework\graphics\particletype.h">
      <Filter>Header Files\framework\graphics</Filter>
    </ClInclude>
    <ClInclude Include="..\src\framework\graphics\shader.h">
      <Filter>Header Files\framework\graphics</Filter>
    </ClInclude>
    <ClInclude Include="..\src\framework\graphics\shaderprogram.h">
      <Filter>Header Files\framework\graphics</Filter>
    </ClInclude>
    <ClInclude Include="..\src\framework\graphics\texture.h">
      <Filter>Header Files\framework\graphics</Filter>
    </ClInclude>
    <ClInclude Include="..\src\framework\graphics\texturemanager.h">
      <Filter>Header Files\framework\graphics</Filter>
    </ClInclude>
    <ClInclude Include="..\src\framework\graphics\vertexarray.h">
      <Filter>Header Files\framework\graphics</Filter>
    </ClInclude>
    <ClInclude Include="..\src\framework\graphics\ogl\painterogl.h">
      <Filter>Header Files\framework\graphics\ogl</Filter>
    </ClInclude>
    <ClInclude Include="..\src\framework\graphics\ogl\painterogl1.h">
      <Filter>Header Files\framework\graphics\ogl</Filter>
    </ClInclude>
    <ClInclude Include="..\src\framework\graphics\ogl\painterogl2.h">
      <Filter>Header Files\framework\graphics\ogl</Filter>
    </ClInclude>
    <ClInclude Include="..\src\framework\graphics\ogl\painterogl2_shadersources.h">
      <Filter>Header Files\framework\graphics\ogl</Filter>
    </ClInclude>
    <ClInclude Include="..\src\framework\input\mouse.h">
      <Filter>Header Files\framework\input</Filter>
    </ClInclude>
    <ClInclude Include="..\src\framework\luaengine\declarations.h">
      <Filter>Header Files\framework\luaengine</Filter>
    </ClInclude>
    <ClInclude Include="..\src\framework\luaengine\lbitlib.h">
      <Filter>Header Files\framework\luaengine</Filter>
    </ClInclude>
    <ClInclude Include="..\src\framework\luaengine\luabinder.h">
      <Filter>Header Files\framework\luaengine</Filter>
    </ClInclude>
    <ClInclude Include="..\src\framework\luaengine\luaexception.h">
      <Filter>Header Files\framework\luaengine</Filter>
    </ClInclude>
    <ClInclude Include="..\src\framework\luaengine\luainterface.h">
      <Filter>Header Files\framework\luaengine</Filter>
    </ClInclude>
    <ClInclude Include="..\src\framework\luaengine\luaobject.h">
      <Filter>Header Files\framework\luaengine</Filter>
    </ClInclude>
    <ClInclude Include="..\src\framework\luaengine\luavaluecasts.h">
      <Filter>Header Files\framework\luaengine</Filter>
    </ClInclude>
    <ClInclude Include="..\src\framework\net\connection.h">
      <Filter>Header Files\framework\net</Filter>
    </ClInclude>
    <ClInclude Include="..\src\framework\net\declarations.h">
      <Filter>Header Files\framework\net</Filter>
    </ClInclude>
    <ClInclude Include="..\src\framework\net\inputmessage.h">
      <Filter>Header Files\framework\net</Filter>
    </ClInclude>
    <ClInclude Include="..\src\framework\net\outputmessage.h">
      <Filter>Header Files\framework\net</Filter>
    </ClInclude>
    <ClInclude Include="..\src\framework\net\protocol.h">
      <Filter>Header Files\framework\net</Filter>
    </ClInclude>
    <ClInclude Include="..\src\framework\net\protocolhttp.h">
      <Filter>Header Files\framework\net</Filter>
    </ClInclude>
    <ClInclude Include="..\src\framework\net\server.h">
      <Filter>Header Files\framework\net</Filter>
    </ClInclude>
    <ClInclude Include="..\src\framework\otml\declarations.h">
      <Filter>Header Files\framework\otml</Filter>
    </ClInclude>
    <ClInclude Include="..\src\framework\otml\otml.h">
      <Filter>Header Files\framework\otml</Filter>
    </ClInclude>
    <ClInclude Include="..\src\framework\otml\otmldocument.h">
      <Filter>Header Files\framework\otml</Filter>
    </ClInclude>
    <ClInclude Include="..\src\framework\otml\otmlemitter.h">
      <Filter>Header Files\framework\otml</Filter>
    </ClInclude>
    <ClInclude Include="..\src\framework\otml\otmlexception.h">
      <Filter>Header Files\framework\otml</Filter>
    </ClInclude>
    <ClInclude Include="..\src\framework\otml\otmlnode.h">
      <Filter>Header Files\framework\otml</Filter>
    </ClInclude>
    <ClInclude Include="..\src\framework\otml\otmlparser.h">
      <Filter>Header Files\framework\otml</Filter>
    </ClInclude>
    <ClInclude Include="..\src\framework\platform\crashhandler.h">
      <Filter>Header Files\framework\platform</Filter>
    </ClInclude>
    <ClInclude Include="..\src\framework\platform\platform.h">
      <Filter>Header Files\framework\platform</Filter>
    </ClInclude>
    <ClInclude Include="..\src\framework\platform\platformwindow.h">
      <Filter>Header Files\framework\platform</Filter>
    </ClInclude>
    <ClInclude Include="..\src\framework\platform\win32window.h">
      <Filter>Header Files\framework\platform</Filter>
    </ClInclude>
    <ClInclude Include="..\src\framework\sound\combinedsoundsource.h">
      <Filter>Header Files\framework\sound</Filter>
    </ClInclude>
    <ClInclude Include="..\src\framework\sound\declarations.h">
      <Filter>Header Files\framework\sound</Filter>
    </ClInclude>
    <ClInclude Include="..\src\framework\sound\oggsoundfile.h">
      <Filter>Header Files\framework\sound</Filter>
    </ClInclude>
    <ClInclude Include="..\src\framework\sound\soundbuffer.h">
      <Filter>Header Files\framework\sound</Filter>
    </ClInclude>
    <ClInclude Include="..\src\framework\sound\soundchannel.h">
      <Filter>Header Files\framework\sound</Filter>
    </ClInclude>
    <ClInclude Include="..\src\framework\sound\soundfile.h">
      <Filter>Header Files\framework\sound</Filter>
    </ClInclude>
    <ClInclude Include="..\src\framework\sound\soundmanager.h">
      <Filter>Header Files\framework\sound</Filter>
    </ClInclude>
    <ClInclude Include="..\src\framework\sound\soundsource.h">
      <Filter>Header Files\framework\sound</Filter>
    </ClInclude>
    <ClInclude Include="..\src\framework\sound\streamsoundsource.h">
      <Filter>Header Files\framework\sound</Filter>
    </ClInclude>
    <ClInclude Include="..\src\framework\stdext\any.h">
      <Filter>Header Files\framework\stdext</Filter>
    </ClInclude>
    <ClInclude Include="..\src\framework\stdext\boolean.h">
      <Filter>Header Files\framework\stdext</Filter>
    </ClInclude>
    <ClInclude Include="..\src\framework\stdext\cast.h">
      <Filter>Header Files\framework\stdext</Filter>
    </ClInclude>
    <ClInclude Include="..\src\framework\stdext\compiler.h">
      <Filter>Header Files\framework\stdext</Filter>
    </ClInclude>
    <ClInclude Include="..\src\framework\stdext\demangle.h">
      <Filter>Header Files\framework\stdext</Filter>
    </ClInclude>
    <ClInclude Include="..\src\framework\stdext\dumper.h">
      <Filter>Header Files\framework\stdext</Filter>
    </ClInclude>
    <ClInclude Include="..\src\framework\stdext\dynamic_storage.h">
      <Filter>Header Files\framework\stdext</Filter>
    </ClInclude>
    <ClInclude Include="..\src\framework\stdext\exception.h">
      <Filter>Header Files\framework\stdext</Filter>
    </ClInclude>
    <ClInclude Include="..\src\framework\stdext\format.h">
      <Filter>Header Files\framework\stdext</Filter>
    </ClInclude>
    <ClInclude Include="..\src\framework\stdext\math.h">
      <Filter>Header Files\framework\stdext</Filter>
    </ClInclude>
    <ClInclude Include="..\src\framework\stdext\net.h">
      <Filter>Header Files\framework\stdext</Filter>
    </ClInclude>
    <ClInclude Include="..\src\framework\stdext\packed_any.h">
      <Filter>Header Files\framework\stdext</Filter>
    </ClInclude>
    <ClInclude Include="..\src\framework\stdext\packed_storage.h">
      <Filter>Header Files\framework\stdext</Filter>
    </ClInclude>
    <ClInclude Include="..\src\framework\stdext\shared_object.h">
      <Filter>Header Files\framework\stdext</Filter>
    </ClInclude>
    <ClInclude Include="..\src\framework\stdext\shared_ptr.h">
      <Filter>Header Files\framework\stdext</Filter>
    </ClInclude>
    <ClInclude Include="..\src\framework\stdext\stdext.h">
      <Filter>Header Files\framework\stdext</Filter>
    </ClInclude>
    <ClInclude Include="..\src\framework\stdext\string.h">
      <Filter>Header Files\framework\stdext</Filter>
    </ClInclude>
    <ClInclude Include="..\src\framework\stdext\thread.h">
      <Filter>Header Files\framework\stdext</Filter>
    </ClInclude>
    <ClInclude Include="..\src\framework\stdext\time.h">
      <Filter>Header Files\framework\stdext</Filter>
    </ClInclude>
    <ClInclude Include="..\src\framework\stdext\traits.h">
      <Filter>Header Files\framework\stdext</Filter>
    </ClInclude>
    <ClInclude Include="..\src\framework\stdext\types.h">
      <Filter>Header Files\framework\stdext</Filter>
    </ClInclude>
    <ClInclude Include="..\src\framework\ui\declarations.h">
      <Filter>Header Files\framework\ui</Filter>
    </ClInclude>
    <ClInclude Include="..\src\framework\ui\ui.h">
      <Filter>Header Files\framework\ui</Filter>
    </ClInclude>
    <ClInclude Include="..\src\framework\ui\uianchorlayout.h">
      <Filter>Header Files\framework\ui</Filter>
    </ClInclude>
    <ClInclude Include="..\src\framework\ui\uiboxlayout.h">
      <Filter>Header Files\framework\ui</Filter>
    </ClInclude>
    <ClInclude Include="..\src\framework\ui\uigridlayout.h">
      <Filter>Header Files\framework\ui</Filter>
    </ClInclude>
    <ClInclude Include="..\src\framework\ui\uihorizontallayout.h">
      <Filter>Header Files\framework\ui</Filter>
    </ClInclude>
    <ClInclude Include="..\src\framework\ui\uilayout.h">
      <Filter>Header Files\framework\ui</Filter>
    </ClInclude>
    <ClInclude Include="..\src\framework\ui\uimanager.h">
      <Filter>Header Files\framework\ui</Filter>
    </ClInclude>
    <ClInclude Include="..\src\framework\ui\uiparticles.h">
      <Filter>Header Files\framework\ui</Filter>
    </ClInclude>
    <ClInclude Include="..\src\framework\ui\uitextedit.h">
      <Filter>Header Files\framework\ui</Filter>
    </ClInclude>
    <ClInclude Include="..\src\framework\ui\uitranslator.h">
      <Filter>Header Files\framework\ui</Filter>
    </ClInclude>
    <ClInclude Include="..\src\framework\ui\uiverticallayout.h">
      <Filter>Header Files\framework\ui</Filter>
    </ClInclude>
    <ClInclude Include="..\src\framework\ui\uiwidget.h">
      <Filter>Header Files\framework\ui</Filter>
    </ClInclude>
    <ClInclude Include="..\src\framework\util\color.h">
      <Filter>Header Files\framework\util</Filter>
    </ClInclude>
    <ClInclude Include="..\src\framework\util\crypt.h">
      <Filter>Header Files\framework\util</Filter>
    </ClInclude>
    <ClInclude Include="..\src\framework\util\databuffer.h">
      <Filter>Header Files\framework\util</Filter>
    </ClInclude>
    <ClInclude Include="..\src\framework\util\matrix.h">
      <Filter>Header Files\framework\util</Filter>
    </ClInclude>
    <ClInclude Include="..\src\framework\util\point.h">
      <Filter>Header Files\framework\util</Filter>
    </ClInclude>
    <ClInclude Include="..\src\framework\util\rect.h">
      <Filter>Header Files\framework\util</Filter>
    </ClInclude>
    <ClInclude Include="..\src\framework\util\size.h">
      <Filter>Header Files\framework\util</Filter>
    </ClInclude>
    <ClInclude Include="..\src\framework\xml\tinystr.h">
      <Filter>Header Files\framework\xml</Filter>
    </ClInclude>
    <ClInclude Include="..\src\framework\xml\tinyxml.h">
      <Filter>Header Files\framework\xml</Filter>
    </ClInclude>
    <ClInclude Include="..\src\client\animatedtext.h">
      <Filter>Header Files\client</Filter>
    </ClInclude>
    <ClInclude Include="..\src\client\client.h">
      <Filter>Header Files\client</Filter>
    </ClInclude>
    <ClInclude Include="..\src\client\const.h">
      <Filter>Header Files\client</Filter>
    </ClInclude>
    <ClInclude Include="..\src\client\container.h">
      <Filter>Header Files\client</Filter>
    </ClInclude>
    <ClInclude Include="..\src\client\creature.h">
      <Filter>Header Files\client</Filter>
    </ClInclude>
    <ClInclude Include="..\src\client\creatures.h">
      <Filter>Header Files\client</Filter>
    </ClInclude>
    <ClInclude Include="..\src\client\declarations.h">
      <Filter>Header Files\client</Filter>
    </ClInclude>
    <ClInclude Include="..\src\client\effect.h">
      <Filter>Header Files\client</Filter>
    </ClInclude>
    <ClInclude Include="..\src\client\game.h">
      <Filter>Header Files\client</Filter>
    </ClInclude>
    <ClInclude Include="..\src\client\global.h">
      <Filter>Header Files\client</Filter>
    </ClInclude>
    <ClInclude Include="..\src\client\houses.h">
      <Filter>Header Files\client</Filter>
    </ClInclude>
    <ClInclude Include="..\src\client\item.h">
      <Filter>Header Files\client</Filter>
    </ClInclude>
    <ClInclude Include="..\src\client\itemtype.h">
      <Filter>Header Files\client</Filter>
    </ClInclude>
    <ClInclude Include="..\src\client\lightview.h">
      <Filter>Header Files\client</Filter>
    </ClInclude>
    <ClInclude Include="..\src\client\localplayer.h">
      <Filter>Header Files\client</Filter>
    </ClInclude>
    <ClInclude Include="..\src\client\luavaluecasts.h">
      <Filter>Header Files\client</Filter>
    </ClInclude>
    <ClInclude Include="..\src\client\map.h">
      <Filter>Header Files\client</Filter>
    </ClInclude>
    <ClInclude Include="..\src\client\mapview.h">
      <Filter>Header Files\client</Filter>
    </ClInclude>
    <ClInclude Include="..\src\client\minimap.h">
      <Filter>Header Files\client</Filter>
    </ClInclude>
    <ClInclude Include="..\src\client\missile.h">
      <Filter>Header Files\client</Filter>
    </ClInclude>
    <ClInclude Include="..\src\client\outfit.h">
      <Filter>Header Files\client</Filter>
    </ClInclude>
    <ClInclude Include="..\src\client\player.h">
      <Filter>Header Files\client</Filter>
    </ClInclude>
    <ClInclude Include="..\src\client\position.h">
      <Filter>Header Files\client</Filter>
    </ClInclude>
    <ClInclude Include="..\src\client\protocolcodes.h">
      <Filter>Header Files\client</Filter>
    </ClInclude>
    <ClInclude Include="..\src\client\protocolgame.h">
      <Filter>Header Files\client</Filter>
    </ClInclude>
    <ClInclude Include="..\src\client\shadermanager.h">
      <Filter>Header Files\client</Filter>
    </ClInclude>
    <ClInclude Include="..\src\client\spritemanager.h">
      <Filter>Header Files\client</Filter>
    </ClInclude>
    <ClInclude Include="..\src\client\statictext.h">
      <Filter>Header Files\client</Filter>
    </ClInclude>
    <ClInclude Include="..\src\client\thing.h">
      <Filter>Header Files\client</Filter>
    </ClInclude>
    <ClInclude Include="..\src\client\thingtype.h">
      <Filter>Header Files\client</Filter>
    </ClInclude>
    <ClInclude Include="..\src\client\thingtypemanager.h">
      <Filter>Header Files\client</Filter>
    </ClInclude>
    <ClInclude Include="..\src\client\tile.h">
      <Filter>Header Files\client</Filter>
    </ClInclude>
    <ClInclude Include="..\src\client\towns.h">
      <Filter>Header Files\client</Filter>
    </ClInclude>
    <ClInclude Include="..\src\client\uicreature.h">
      <Filter>Header Files\client</Filter>
    </ClInclude>
    <ClInclude Include="..\src\client\uiitem.h">
      <Filter>Header Files\client</Filter>
    </ClInclude>
    <ClInclude Include="..\src\client\uimap.h">
      <Filter>Header Files\client</Filter>
    </ClInclude>
    <ClInclude Include="..\src\client\uimapanchorlayout.h">
      <Filter>Header Files\client</Filter>
    </ClInclude>
    <ClInclude Include="..\src\client\uiminimap.h">
      <Filter>Header Files\client</Filter>
    </ClInclude>
    <ClInclude Include="..\src\client\uiprogressrect.h">
      <Filter>Header Files\client</Filter>
    </ClInclude>
    <ClInclude Include="..\src\client\uisprite.h">
      <Filter>Header Files\client</Filter>
    </ClInclude>
    <ClInclude Include="..\src\framework\core\config.h">
      <Filter>Header Files\framework\core</Filter>
    </ClInclude>
    <ClInclude Include="..\src\client\animator.h">
      <Filter>Header Files\client</Filter>
    </ClInclude>
  </ItemGroup>
  <ItemGroup>
    <ResourceCompile Include="..\src\otcicon.rc">
      <Filter>Resource Files</Filter>
    </ResourceCompile>
  </ItemGroup>
</Project>
